dependencies:
  espressif/esp-dsp:
    component_hash: ed9ac175b14e0414399a2b33c525579414b5bad19a2a67b12ea212def96f9a98
    dependencies:
    - name: idf
      require: private
      version: '>=4.2'
    source:
      registry_url: https://components.espressif.com/
      type: service
    version: 1.8.2
  espressif/esp-nn:
    component_hash: d341d40c8a135158f2bd47bd3c956bb8eda43358cd555cd887b410310a14c547
    dependencies:
    - name: idf
      require: private
      version: '>=4.2'
    source:
      registry_url: https://components.espressif.com
      type: service
    version: 1.2.5
  espressif/esp-tflite-micro:
    component_hash: 22fc501ab0b1bd39377048d608e6fce0e7b55cd07d244cbf41044b24d9b7db2e
    dependencies:
    - name: espressif/esp-nn
      registry_url: https://components.espressif.com
      require: private
      version: '>=1.1.1'
    - name: idf
      require: private
      version: '>=5.0'
    source:
      registry_url: https://components.espressif.com/
      type: service
    version: 1.3.7
  espressif/mqtt:
    component_hash: ffdad5659706b4dc14bc63f8eb73ef765efa015bf7e9adf71c813d52a2dc9342
    dependencies:
    - name: idf
      require: private
      version: '>=5.3'
    source:
      registry_url: https://components.espressif.com/
      type: service
    version: 1.0.0
  idf:
    source:
      type: idf
    version: 6.0.2
direct_dependencies:
- espressif/esp-dsp
- espressif/esp-tflite-micro
- espressif/mqtt
manifest_hash: 20d9d9b673600aba2c3f12f1487d46c1852e73a17fdd1359037c914f18fa79d8
target: esp32s3
version: 3.0.0
