dependencies:
  espressif/esp-nn:
    component_hash: d341d40c8a135158f2bd47bd3c956bb8eda43358cd555cd887b410310a14c547
    dependencies:
    - name: idf
      require: private
      version: '>=4.2'
    source:
      registry_url: https://components.espressif.com/
      type: service
    version: 1.2.5
  espressif/esp-tflite-micro:
    component_hash: 50911854762a4e4a1f71e236f38434d55d6a7bb02763dc8acac9029b741217bb
    dependencies:
    - name: espressif/esp-nn
      registry_url: https://components.espressif.com
      require: private
      version: ^1.1.0
    - name: idf
      require: private
      version: '>=4.4'
    source:
      registry_url: https://components.espressif.com/
      type: service
    version: 1.3.2
  idf:
    source:
      type: idf
    version: 6.0.2
direct_dependencies:
- espressif/esp-nn
- espressif/esp-tflite-micro
manifest_hash: 8085ff958ba292b8eafabd2de6e47cbf2dd605761b850ad30e069dc8174ebc89
target: esp32s3
version: 3.0.0
